
Microsoft Visual Studio Solution File, Format Version 12.00
# Visual Studio Version 16
VisualStudioVersion = 16.0.29905.134
MinimumVisualStudioVersion = 10.0.40219.1
Project("{FAE04EC0-301F-11D3-BF4B-00C04F79EFBC}") = "ConsoleValidacoes", "ConsoleValidacoes\ConsoleValidacoes.csproj", "{D497278A-378D-412C-8038-6E7EB9F85183}"
EndProject
Global
	GlobalSection(SolutionConfigurationPlatforms) = preSolution
		Debug|Any CPU = Debug|Any CPU
		Release|Any CPU = Release|Any CPU
	EndGlobalSection
	GlobalSection(ProjectConfigurationPlatforms) = postSolution
		{D497278A-378D-412C-8038-6E7EB9F85183}.Debug|Any CPU.ActiveCfg = Debug|Any CPU
		{D497278A-378D-412C-8038-6E7EB9F85183}.Debug|Any CPU.Build.0 = Debug|Any CPU
		{D497278A-378D-412C-8038-6E7EB9F85183}.Release|Any CPU.ActiveCfg = Release|Any CPU
		{D497278A-378D-412C-8038-6E7EB9F85183}.Release|Any CPU.Build.0 = Release|Any CPU
	EndGlobalSection
	GlobalSection(SolutionProperties) = preSolution
		HideSolutionNode = FALSE
	EndGlobalSection
	GlobalSection(ExtensibilityGlobals) = postSolution
		SolutionGuid = {EA2B1DB6-A995-4555-BAF3-5DF44934082B}
	EndGlobalSection
EndGlobal
